
Microsoft Visual Studio Solution File, Format Version 12.00
# Visual Studio 14
VisualStudioVersion = 14.0.25420.1
MinimumVisualStudioVersion = 10.0.40219.1
Project("{FAE04EC0-301F-11D3-BF4B-00C04F79EFBC}") = "ProofOfSeries", "ProofOfSeries\ProofOfSeries.csproj", "{B8877152-69FF-4747-8FAD-F558E6193736}"
EndProject
Project("{FAE04EC0-301F-11D3-BF4B-00C04F79EFBC}") = "UnitTests", "UnitTests\UnitTests.csproj", "{08AB8B38-AF16-4929-A4BF-B4957E04CA7B}"
EndProject
Global
	GlobalSection(SolutionConfigurationPlatforms) = preSolution
		Debug|Any CPU = Debug|Any CPU
		Release|Any CPU = Release|Any CPU
	EndGlobalSection
	GlobalSection(ProjectConfigurationPlatforms) = postSolution
		{B8877152-69FF-4747-8FAD-F558E6193736}.Debug|Any CPU.ActiveCfg = Debug|Any CPU
		{B8877152-69FF-4747-8FAD-F558E6193736}.Debug|Any CPU.Build.0 = Debug|Any CPU
		{B8877152-69FF-4747-8FAD-F558E6193736}.Release|Any CPU.ActiveCfg = Release|Any CPU
		{B8877152-69FF-4747-8FAD-F558E6193736}.Release|Any CPU.Build.0 = Release|Any CPU
		{08AB8B38-AF16-4929-A4BF-B4957E04CA7B}.Debug|Any CPU.ActiveCfg = Debug|Any CPU
		{08AB8B38-AF16-4929-A4BF-B4957E04CA7B}.Debug|Any CPU.Build.0 = Debug|Any CPU
		{08AB8B38-AF16-4929-A4BF-B4957E04CA7B}.Release|Any CPU.ActiveCfg = Release|Any CPU
		{08AB8B38-AF16-4929-A4BF-B4957E04CA7B}.Release|Any CPU.Build.0 = Release|Any CPU
	EndGlobalSection
	GlobalSection(SolutionProperties) = preSolution
		HideSolutionNode = FALSE
	EndGlobalSection
EndGlobal
